// !$*UTF8*$!
{
	archiveVersion = 1;
	classes = {
	};
	objectVersion = 56;
	objects = {

/* Begin PBXBuildFile section */
		76CD091129A9EE5600EB46CE /* GoogleService-Info.plist in Resources */ = {isa = PBXBuildFile; fileRef = 76CD091029A9EE5500EB46CE /* GoogleService-Info.plist */; };
		76CD091529AA061900EB46CE /* FireStore.swift in Sources */ = {isa = PBXBuildFile; fileRef = 76CD091429AA061900EB46CE /* FireStore.swift */; };
		76CD091929AA069B00EB46CE /* DiaryDataModel.swift in Sources */ = {isa = PBXBuildFile; fileRef = 76CD091829AA069B00EB46CE /* DiaryDataModel.swift */; };
		76CD091B29AA08C700EB46CE /* DiaryDetailViewController.swift in Sources */ = {isa = PBXBuildFile; fileRef = 76CD091A29AA08C700EB46CE /* DiaryDetailViewController.swift */; };
		76CD091E29AA090100EB46CE /* DiaryDetail.storyboard in Resources */ = {isa = PBXBuildFile; fileRef = 76CD091D29AA090100EB46CE /* DiaryDetail.storyboard */; };
		76CD092329AA6ABD00EB46CE /* DiaryEditViewController.swift in Sources */ = {isa = PBXBuildFile; fileRef = 76CD092229AA6ABD00EB46CE /* DiaryEditViewController.swift */; };
		76CD092529AA6ACA00EB46CE /* DiaryEdit.storyboard in Resources */ = {isa = PBXBuildFile; fileRef = 76CD092429AA6ACA00EB46CE /* DiaryEdit.storyboard */; };
		76CD092929AA6EEC00EB46CE /* ImageCollectionViewCell.swift in Sources */ = {isa = PBXBuildFile; fileRef = 76CD092729AA6EEC00EB46CE /* ImageCollectionViewCell.swift */; };
		76CD092A29AA6EEC00EB46CE /* ImageCollectionViewCell.xib in Resources */ = {isa = PBXBuildFile; fileRef = 76CD092829AA6EEC00EB46CE /* ImageCollectionViewCell.xib */; };
		76CD092F29AA6F1900EB46CE /* AddImageCollectionViewCell.swift in Sources */ = {isa = PBXBuildFile; fileRef = 76CD092D29AA6F1900EB46CE /* AddImageCollectionViewCell.swift */; };
		76CD093029AA6F1900EB46CE /* AddImageCollectionViewCell.xib in Resources */ = {isa = PBXBuildFile; fileRef = 76CD092E29AA6F1900EB46CE /* AddImageCollectionViewCell.xib */; };
		76DB58DC29A9E92D00E1FC48 /* AppDelegate.swift in Sources */ = {isa = PBXBuildFile; fileRef = 76DB58DB29A9E92D00E1FC48 /* AppDelegate.swift */; };
		76DB58DE29A9E92D00E1FC48 /* SceneDelegate.swift in Sources */ = {isa = PBXBuildFile; fileRef = 76DB58DD29A9E92D00E1FC48 /* SceneDelegate.swift */; };
		76DB58E029A9E92D00E1FC48 /* MainViewController.swift in Sources */ = {isa = PBXBuildFile; fileRef = 76DB58DF29A9E92D00E1FC48 /* MainViewController.swift */; };
		76DB58E329A9E92D00E1FC48 /* Main.storyboard in Resources */ = {isa = PBXBuildFile; fileRef = 76DB58E129A9E92D00E1FC48 /* Main.storyboard */; };
		76DB58E529A9E92F00E1FC48 /* Assets.xcassets in Resources */ = {isa = PBXBuildFile; fileRef = 76DB58E429A9E92F00E1FC48 /* Assets.xcassets */; };
		76DB58E829A9E92F00E1FC48 /* LaunchScreen.storyboard in Resources */ = {isa = PBXBuildFile; fileRef = 76DB58E629A9E92F00E1FC48 /* LaunchScreen.storyboard */; };
		76DB58F329A9E92F00E1FC48 /* SimpleDiaryTests.swift in Sources */ = {isa = PBXBuildFile; fileRef = 76DB58F229A9E92F00E1FC48 /* SimpleDiaryTests.swift */; };
		76DB58FD29A9E92F00E1FC48 /* SimpleDiaryUITests.swift in Sources */ = {isa = PBXBuildFile; fileRef = 76DB58FC29A9E92F00E1FC48 /* SimpleDiaryUITests.swift */; };
		76DB58FF29A9E92F00E1FC48 /* SimpleDiaryUITestsLaunchTests.swift in Sources */ = {isa = PBXBuildFile; fileRef = 76DB58FE29A9E92F00E1FC48 /* SimpleDiaryUITestsLaunchTests.swift */; };
		A62AC1F84341624059E1E9DB /* Pods_SimpleDiary.framework in Frameworks */ = {isa = PBXBuildFile; fileRef = 9A21906377572484285C0EA4 /* Pods_SimpleDiary.framework */; };
		E6446BBB16739CCCB4EA87B3 /* Pods_SimpleDiary_SimpleDiaryUITests.framework in Frameworks */ = {isa = PBXBuildFile; fileRef = 5D89558C54181342D2504E9B /* Pods_SimpleDiary_SimpleDiaryUITests.framework */; };
		FA7EA71A3547DB6A65E18C06 /* Pods_SimpleDiaryTests.framework in Frameworks */ = {isa = PBXBuildFile; fileRef = 16936F5A0956E8A5DFFF1D44 /* Pods_SimpleDiaryTests.framework */; };
/* End PBXBuildFile section */

/* Begin PBXContainerItemProxy section */
		76DB58EF29A9E92F00E1FC48 /* PBXContainerItemProxy */ = {
			isa = PBXContainerItemProxy;
			containerPortal = 76DB58D029A9E92D00E1FC48 /* Project object */;
			proxyType = 1;
			remoteGlobalIDString = 76DB58D729A9E92D00E1FC48;
			remoteInfo = SimpleDiary;
		};
		76DB58F929A9E92F00E1FC48 /* PBXContainerItemProxy */ = {
			isa = PBXContainerItemProxy;
			containerPortal = 76DB58D029A9E92D00E1FC48 /* Project object */;
			proxyType = 1;
			remoteGlobalIDString = 76DB58D729A9E92D00E1FC48;
			remoteInfo = SimpleDiary;
		};
/* End PBXContainerItemProxy section */

/* Begin PBXFileReference section */
		090A8EE0E7134C5D1D172337 /* Pods-SimpleDiary.debug.xcconfig */ = {isa = PBXFileReference; includeInIndex = 1; lastKnownFileType = text.xcconfig; name = "Pods-SimpleDiary.debug.xcconfig"; path = "Target Support Files/Pods-SimpleDiary/Pods-SimpleDiary.debug.xcconfig"; sourceTree = "<group>"; };
		0EA574DE005A3E1744329AF0 /* Pods-SimpleDiary.release.xcconfig */ = {isa = PBXFileReference; includeInIndex = 1; lastKnownFileType = text.xcconfig; name = "Pods-SimpleDiary.release.xcconfig"; path = "Target Support Files/Pods-SimpleDiary/Pods-SimpleDiary.release.xcconfig"; sourceTree = "<group>"; };
		16936F5A0956E8A5DFFF1D44 /* Pods_SimpleDiaryTests.framework */ = {isa = PBXFileReference; explicitFileType = wrapper.framework; includeInIndex = 0; path = Pods_SimpleDiaryTests.framework; sourceTree = BUILT_PRODUCTS_DIR; };
		56D11D5C7607E71885772190 /* Pods-SimpleDiary-SimpleDiaryUITests.release.xcconfig */ = {isa = PBXFileReference; includeInIndex = 1; lastKnownFileType = text.xcconfig; name = "Pods-SimpleDiary-SimpleDiaryUITests.release.xcconfig"; path = "Target Support Files/Pods-SimpleDiary-SimpleDiaryUITests/Pods-SimpleDiary-SimpleDiaryUITests.release.xcconfig"; sourceTree = "<group>"; };
		5D89558C54181342D2504E9B /* Pods_SimpleDiary_SimpleDiaryUITests.framework */ = {isa = PBXFileReference; explicitFileType = wrapper.framework; includeInIndex = 0; path = Pods_SimpleDiary_SimpleDiaryUITests.framework; sourceTree = BUILT_PRODUCTS_DIR; };
		76CD091029A9EE5500EB46CE /* GoogleService-Info.plist */ = {isa = PBXFileReference; fileEncoding = 4; lastKnownFileType = text.plist.xml; path = "GoogleService-Info.plist"; sourceTree = "<group>"; };
		76CD091429AA061900EB46CE /* FireStore.swift */ = {isa = PBXFileReference; lastKnownFileType = sourcecode.swift; path = FireStore.swift; sourceTree = "<group>"; };
		76CD091829AA069B00EB46CE /* DiaryDataModel.swift */ = {isa = PBXFileReference; lastKnownFileType = sourcecode.swift; path = DiaryDataModel.swift; sourceTree = "<group>"; };
		76CD091A29AA08C700EB46CE /* DiaryDetailViewController.swift */ = {isa = PBXFileReference; lastKnownFileType = sourcecode.swift; path = DiaryDetailViewController.swift; sourceTree = "<group>"; };
		76CD091D29AA090100EB46CE /* DiaryDetail.storyboard */ = {isa = PBXFileReference; lastKnownFileType = file.storyboard; path = DiaryDetail.storyboard; sourceTree = "<group>"; };
		76CD092229AA6ABD00EB46CE /* DiaryEditViewController.swift */ = {isa = PBXFileReference; lastKnownFileType = sourcecode.swift; path = DiaryEditViewController.swift; sourceTree = "<group>"; };
		76CD092429AA6ACA00EB46CE /* DiaryEdit.storyboard */ = {isa = PBXFileReference; lastKnownFileType = file.storyboard; path = DiaryEdit.storyboard; sourceTree = "<group>"; };
		76CD092729AA6EEC00EB46CE /* ImageCollectionViewCell.swift */ = {isa = PBXFileReference; lastKnownFileType = sourcecode.swift; path = ImageCollectionViewCell.swift; sourceTree = "<group>"; };
		76CD092829AA6EEC00EB46CE /* ImageCollectionViewCell.xib */ = {isa = PBXFileReference; lastKnownFileType = file.xib; path = ImageCollectionViewCell.xib; sourceTree = "<group>"; };
		76CD092D29AA6F1900EB46CE /* AddImageCollectionViewCell.swift */ = {isa = PBXFileReference; lastKnownFileType = sourcecode.swift; path = AddImageCollectionViewCell.swift; sourceTree = "<group>"; };
		76CD092E29AA6F1900EB46CE /* AddImageCollectionViewCell.xib */ = {isa = PBXFileReference; lastKnownFileType = file.xib; path = AddImageCollectionViewCell.xib; sourceTree = "<group>"; };
		76DB58D829A9E92D00E1FC48 /* SimpleDiary.app */ = {isa = PBXFileReference; explicitFileType = wrapper.application; includeInIndex = 0; path = SimpleDiary.app; sourceTree = BUILT_PRODUCTS_DIR; };
		76DB58DB29A9E92D00E1FC48 /* AppDelegate.swift */ = {isa = PBXFileReference; lastKnownFileType = sourcecode.swift; path = AppDelegate.swift; sourceTree = "<group>"; };
		76DB58DD29A9E92D00E1FC48 /* SceneDelegate.swift */ = {isa = PBXFileReference; lastKnownFileType = sourcecode.swift; path = SceneDelegate.swift; sourceTree = "<group>"; };
		76DB58DF29A9E92D00E1FC48 /* MainViewController.swift */ = {isa = PBXFileReference; lastKnownFileType = sourcecode.swift; path = MainViewController.swift; sourceTree = "<group>"; };
		76DB58E229A9E92D00E1FC48 /* Base */ = {isa = PBXFileReference; lastKnownFileType = file.storyboard; name = Base; path = Base.lproj/Main.storyboard; sourceTree = "<group>"; };
		76DB58E429A9E92F00E1FC48 /* Assets.xcassets */ = {isa = PBXFileReference; lastKnownFileType = folder.assetcatalog; path = Assets.xcassets; sourceTree = "<group>"; };
		76DB58E729A9E92F00E1FC48 /* Base */ = {isa = PBXFileReference; lastKnownFileType = file.storyboard; name = Base; path = Base.lproj/LaunchScreen.storyboard; sourceTree = "<group>"; };
		76DB58E929A9E92F00E1FC48 /* Info.plist */ = {isa = PBXFileReference; lastKnownFileType = text.plist.xml; path = Info.plist; sourceTree = "<group>"; };
		76DB58EE29A9E92F00E1FC48 /* SimpleDiaryTests.xctest */ = {isa = PBXFileReference; explicitFileType = wrapper.cfbundle; includeInIndex = 0; path = SimpleDiaryTests.xctest; sourceTree = BUILT_PRODUCTS_DIR; };
		76DB58F229A9E92F00E1FC48 /* SimpleDiaryTests.swift */ = {isa = PBXFileReference; lastKnownFileType = sourcecode.swift; path = SimpleDiaryTests.swift; sourceTree = "<group>"; };
		76DB58F829A9E92F00E1FC48 /* SimpleDiaryUITests.xctest */ = {isa = PBXFileReference; explicitFileType = wrapper.cfbundle; includeInIndex = 0; path = SimpleDiaryUITests.xctest; sourceTree = BUILT_PRODUCTS_DIR; };
		76DB58FC29A9E92F00E1FC48 /* SimpleDiaryUITests.swift */ = {isa = PBXFileReference; lastKnownFileType = sourcecode.swift; path = SimpleDiaryUITests.swift; sourceTree = "<group>"; };
		76DB58FE29A9E92F00E1FC48 /* SimpleDiaryUITestsLaunchTests.swift */ = {isa = PBXFileReference; lastKnownFileType = sourcecode.swift; path = SimpleDiaryUITestsLaunchTests.swift; sourceTree = "<group>"; };
		8DE01FA357AAFE9A3A5F0418 /* Pods-SimpleDiaryTests.release.xcconfig */ = {isa = PBXFileReference; includeInIndex = 1; lastKnownFileType = text.xcconfig; name = "Pods-SimpleDiaryTests.release.xcconfig"; path = "Target Support Files/Pods-SimpleDiaryTests/Pods-SimpleDiaryTests.release.xcconfig"; sourceTree = "<group>"; };
		9A21906377572484285C0EA4 /* Pods_SimpleDiary.framework */ = {isa = PBXFileReference; explicitFileType = wrapper.framework; includeInIndex = 0; path = Pods_SimpleDiary.framework; sourceTree = BUILT_PRODUCTS_DIR; };
		E6A3B31177FBDEE2E81D21AC /* Pods-SimpleDiaryTests.debug.xcconfig */ = {isa = PBXFileReference; includeInIndex = 1; lastKnownFileType = text.xcconfig; name = "Pods-SimpleDiaryTests.debug.xcconfig"; path = "Target Support Files/Pods-SimpleDiaryTests/Pods-SimpleDiaryTests.debug.xcconfig"; sourceTree = "<group>"; };
		FA288B78983928AFD948DC56 /* Pods-SimpleDiary-SimpleDiaryUITests.debug.xcconfig */ = {isa = PBXFileReference; includeInIndex = 1; lastKnownFileType = text.xcconfig; name = "Pods-SimpleDiary-SimpleDiaryUITests.debug.xcconfig"; path = "Target Support Files/Pods-SimpleDiary-SimpleDiaryUITests/Pods-SimpleDiary-SimpleDiaryUITests.debug.xcconfig"; sourceTree = "<group>"; };
/* End PBXFileReference section */

/* Begin PBXFrameworksBuildPhase section */
		76DB58D529A9E92D00E1FC48 /* Frameworks */ = {
			isa = PBXFrameworksBuildPhase;
			buildActionMask = 2147483647;
			files = (
				A62AC1F84341624059E1E9DB /* Pods_SimpleDiary.framework in Frameworks */,
			);
			runOnlyForDeploymentPostprocessing = 0;
		};
		76DB58EB29A9E92F00E1FC48 /* Frameworks */ = {
			isa = PBXFrameworksBuildPhase;
			buildActionMask = 2147483647;
			files = (
				FA7EA71A3547DB6A65E18C06 /* Pods_SimpleDiaryTests.framework in Frameworks */,
			);
			runOnlyForDeploymentPostprocessing = 0;
		};
		76DB58F529A9E92F00E1FC48 /* Frameworks */ = {
			isa = PBXFrameworksBuildPhase;
			buildActionMask = 2147483647;
			files = (
				E6446BBB16739CCCB4EA87B3 /* Pods_SimpleDiary_SimpleDiaryUITests.framework in Frameworks */,
			);
			runOnlyForDeploymentPostprocessing = 0;
		};
/* End PBXFrameworksBuildPhase section */

/* Begin PBXGroup section */
		76CD090C29A9EB2300EB46CE /* View */ = {
			isa = PBXGroup;
			children = (
				76CD092629AA6EB600EB46CE /* DiaryEdit */,
			);
			path = View;
			sourceTree = "<group>";
		};
		76CD090D29A9EB3C00EB46CE /* Controller */ = {
			isa = PBXGroup;
			children = (
				76CD092129AA6A8E00EB46CE /* DiaryEdit */,
				76CD091C29AA08CD00EB46CE /* DiaryDetail */,
				76CD091229A9EEF500EB46CE /* Main */,
			);
			path = Controller;
			sourceTree = "<group>";
		};
		76CD090E29A9EB4700EB46CE /* ViewModel */ = {
			isa = PBXGroup;
			children = (
			);
			path = ViewModel;
			sourceTree = "<group>";
		};
		76CD090F29A9EB5100EB46CE /* Model */ = {
			isa = PBXGroup;
			children = (
				76CD091729AA068000EB46CE /* DataModel */,
				76CD091629AA061C00EB46CE /* FirebaseAPI */,
			);
			path = Model;
			sourceTree = "<group>";
		};
		76CD091229A9EEF500EB46CE /* Main */ = {
			isa = PBXGroup;
			children = (
				76DB58E129A9E92D00E1FC48 /* Main.storyboard */,
				76DB58DF29A9E92D00E1FC48 /* MainViewController.swift */,
			);
			path = Main;
			sourceTree = "<group>";
		};
		76CD091329A9FB8700EB46CE /* Extention */ = {
			isa = PBXGroup;
			children = (
			);
			path = Extention;
			sourceTree = "<group>";
		};
		76CD091629AA061C00EB46CE /* FirebaseAPI */ = {
			isa = PBXGroup;
			children = (
				76CD091429AA061900EB46CE /* FireStore.swift */,
			);
			path = FirebaseAPI;
			sourceTree = "<group>";
		};
		76CD091729AA068000EB46CE /* DataModel */ = {
			isa = PBXGroup;
			children = (
				76CD091829AA069B00EB46CE /* DiaryDataModel.swift */,
			);
			path = DataModel;
			sourceTree = "<group>";
		};
		76CD091C29AA08CD00EB46CE /* DiaryDetail */ = {
			isa = PBXGroup;
			children = (
				76CD091A29AA08C700EB46CE /* DiaryDetailViewController.swift */,
				76CD091D29AA090100EB46CE /* DiaryDetail.storyboard */,
			);
			path = DiaryDetail;
			sourceTree = "<group>";
		};
		76CD092129AA6A8E00EB46CE /* DiaryEdit */ = {
			isa = PBXGroup;
			children = (
				76CD092229AA6ABD00EB46CE /* DiaryEditViewController.swift */,
				76CD092429AA6ACA00EB46CE /* DiaryEdit.storyboard */,
			);
			path = DiaryEdit;
			sourceTree = "<group>";
		};
		76CD092629AA6EB600EB46CE /* DiaryEdit */ = {
			isa = PBXGroup;
			children = (
				76CD092729AA6EEC00EB46CE /* ImageCollectionViewCell.swift */,
				76CD092829AA6EEC00EB46CE /* ImageCollectionViewCell.xib */,
				76CD092D29AA6F1900EB46CE /* AddImageCollectionViewCell.swift */,
				76CD092E29AA6F1900EB46CE /* AddImageCollectionViewCell.xib */,
			);
			path = DiaryEdit;
			sourceTree = "<group>";
		};
		76DB58CF29A9E92D00E1FC48 = {
			isa = PBXGroup;
			children = (
				76DB58DA29A9E92D00E1FC48 /* SimpleDiary */,
				76DB58F129A9E92F00E1FC48 /* SimpleDiaryTests */,
				76DB58FB29A9E92F00E1FC48 /* SimpleDiaryUITests */,
				76DB58D929A9E92D00E1FC48 /* Products */,
				BDB9A90531EC103A9A72370D /* Pods */,
				F14470D3E73141098DDFC3B5 /* Frameworks */,
			);
			sourceTree = "<group>";
		};
		76DB58D929A9E92D00E1FC48 /* Products */ = {
			isa = PBXGroup;
			children = (
				76DB58D829A9E92D00E1FC48 /* SimpleDiary.app */,
				76DB58EE29A9E92F00E1FC48 /* SimpleDiaryTests.xctest */,
				76DB58F829A9E92F00E1FC48 /* SimpleDiaryUITests.xctest */,
			);
			name = Products;
			sourceTree = "<group>";
		};
		76DB58DA29A9E92D00E1FC48 /* SimpleDiary */ = {
			isa = PBXGroup;
			children = (
				76CD091329A9FB8700EB46CE /* Extention */,
				76CD090F29A9EB5100EB46CE /* Model */,
				76CD090E29A9EB4700EB46CE /* ViewModel */,
				76CD090D29A9EB3C00EB46CE /* Controller */,
				76CD090C29A9EB2300EB46CE /* View */,
				76DB58DB29A9E92D00E1FC48 /* AppDelegate.swift */,
				76DB58DD29A9E92D00E1FC48 /* SceneDelegate.swift */,
				76DB58E429A9E92F00E1FC48 /* Assets.xcassets */,
				76DB58E629A9E92F00E1FC48 /* LaunchScreen.storyboard */,
				76CD091029A9EE5500EB46CE /* GoogleService-Info.plist */,
				76DB58E929A9E92F00E1FC48 /* Info.plist */,
			);
			path = SimpleDiary;
			sourceTree = "<group>";
		};
		76DB58F129A9E92F00E1FC48 /* SimpleDiaryTests */ = {
			isa = PBXGroup;
			children = (
				76DB58F229A9E92F00E1FC48 /* SimpleDiaryTests.swift */,
			);
			path = SimpleDiaryTests;
			sourceTree = "<group>";
		};
		76DB58FB29A9E92F00E1FC48 /* SimpleDiaryUITests */ = {
			isa = PBXGroup;
			children = (
				76DB58FC29A9E92F00E1FC48 /* SimpleDiaryUITests.swift */,
				76DB58FE29A9E92F00E1FC48 /* SimpleDiaryUITestsLaunchTests.swift */,
			);
			path = SimpleDiaryUITests;
			sourceTree = "<group>";
		};
		BDB9A90531EC103A9A72370D /* Pods */ = {
			isa = PBXGroup;
			children = (
				090A8EE0E7134C5D1D172337 /* Pods-SimpleDiary.debug.xcconfig */,
				0EA574DE005A3E1744329AF0 /* Pods-SimpleDiary.release.xcconfig */,
				FA288B78983928AFD948DC56 /* Pods-SimpleDiary-SimpleDiaryUITests.debug.xcconfig */,
				56D11D5C7607E71885772190 /* Pods-SimpleDiary-SimpleDiaryUITests.release.xcconfig */,
				E6A3B31177FBDEE2E81D21AC /* Pods-SimpleDiaryTests.debug.xcconfig */,
				8DE01FA357AAFE9A3A5F0418 /* Pods-SimpleDiaryTests.release.xcconfig */,
			);
			path = Pods;
			sourceTree = "<group>";
		};
		F14470D3E73141098DDFC3B5 /* Frameworks */ = {
			isa = PBXGroup;
			children = (
				9A21906377572484285C0EA4 /* Pods_SimpleDiary.framework */,
				5D89558C54181342D2504E9B /* Pods_SimpleDiary_SimpleDiaryUITests.framework */,
				16936F5A0956E8A5DFFF1D44 /* Pods_SimpleDiaryTests.framework */,
			);
			name = Frameworks;
			sourceTree = "<group>";
		};
/* End PBXGroup section */

/* Begin PBXNativeTarget section */
		76DB58D729A9E92D00E1FC48 /* SimpleDiary */ = {
			isa = PBXNativeTarget;
			buildConfigurationList = 76DB590229A9E92F00E1FC48 /* Build configuration list for PBXNativeTarget "SimpleDiary" */;
			buildPhases = (
				DCFE470CB704F47E6204FFC4 /* [CP] Check Pods Manifest.lock */,
				76DB58D429A9E92D00E1FC48 /* Sources */,
				76DB58D529A9E92D00E1FC48 /* Frameworks */,
				76DB58D629A9E92D00E1FC48 /* Resources */,
				FB77B5D97BBF2B108244BC4D /* [CP] Embed Pods Frameworks */,
			);
			buildRules = (
			);
			dependencies = (
			);
			name = SimpleDiary;
			productName = SimpleDiary;
			productReference = 76DB58D829A9E92D00E1FC48 /* SimpleDiary.app */;
			productType = "com.apple.product-type.application";
		};
		76DB58ED29A9E92F00E1FC48 /* SimpleDiaryTests */ = {
			isa = PBXNativeTarget;
			buildConfigurationList = 76DB590529A9E92F00E1FC48 /* Build configuration list for PBXNativeTarget "SimpleDiaryTests" */;
			buildPhases = (
				5D27DDEB8D7500C1A4896D1D /* [CP] Check Pods Manifest.lock */,
				76DB58EA29A9E92F00E1FC48 /* Sources */,
				76DB58EB29A9E92F00E1FC48 /* Frameworks */,
				76DB58EC29A9E92F00E1FC48 /* Resources */,
			);
			buildRules = (
			);
			dependencies = (
				76DB58F029A9E92F00E1FC48 /* PBXTargetDependency */,
			);
			name = SimpleDiaryTests;
			productName = SimpleDiaryTests;
			productReference = 76DB58EE29A9E92F00E1FC48 /* SimpleDiaryTests.xctest */;
			productType = "com.apple.product-type.bundle.unit-test";
		};
		76DB58F729A9E92F00E1FC48 /* SimpleDiaryUITests */ = {
			isa = PBXNativeTarget;
			buildConfigurationList = 76DB590829A9E92F00E1FC48 /* Build configuration list for PBXNativeTarget "SimpleDiaryUITests" */;
			buildPhases = (
				65DC8B835018A9B483C4A857 /* [CP] Check Pods Manifest.lock */,
				76DB58F429A9E92F00E1FC48 /* Sources */,
				76DB58F529A9E92F00E1FC48 /* Frameworks */,
				76DB58F629A9E92F00E1FC48 /* Resources */,
				9841709C72826D5144CA570C /* [CP] Embed Pods Frameworks */,
			);
			buildRules = (
			);
			dependencies = (
				76DB58FA29A9E92F00E1FC48 /* PBXTargetDependency */,
			);
			name = SimpleDiaryUITests;
			productName = SimpleDiaryUITests;
			productReference = 76DB58F829A9E92F00E1FC48 /* SimpleDiaryUITests.xctest */;
			productType = "com.apple.product-type.bundle.ui-testing";
		};
/* End PBXNativeTarget section */

/* Begin PBXProject section */
		76DB58D029A9E92D00E1FC48 /* Project object */ = {
			isa = PBXProject;
			attributes = {
				BuildIndependentTargetsInParallel = 1;
				LastSwiftUpdateCheck = 1420;
				LastUpgradeCheck = 1420;
				TargetAttributes = {
					76DB58D729A9E92D00E1FC48 = {
						CreatedOnToolsVersion = 14.2;
					};
					76DB58ED29A9E92F00E1FC48 = {
						CreatedOnToolsVersion = 14.2;
						TestTargetID = 76DB58D729A9E92D00E1FC48;
					};
					76DB58F729A9E92F00E1FC48 = {
						CreatedOnToolsVersion = 14.2;
						TestTargetID = 76DB58D729A9E92D00E1FC48;
					};
				};
			};
			buildConfigurationList = 76DB58D329A9E92D00E1FC48 /* Build configuration list for PBXProject "SimpleDiary" */;
			compatibilityVersion = "Xcode 14.0";
			developmentRegion = en;
			hasScannedForEncodings = 0;
			knownRegions = (
				en,
				Base,
			);
			mainGroup = 76DB58CF29A9E92D00E1FC48;
			productRefGroup = 76DB58D929A9E92D00E1FC48 /* Products */;
			projectDirPath = "";
			projectRoot = "";
			targets = (
				76DB58D729A9E92D00E1FC48 /* SimpleDiary */,
				76DB58ED29A9E92F00E1FC48 /* SimpleDiaryTests */,
				76DB58F729A9E92F00E1FC48 /* SimpleDiaryUITests */,
			);
		};
/* End PBXProject section */

/* Begin PBXResourcesBuildPhase section */
		76DB58D629A9E92D00E1FC48 /* Resources */ = {
			isa = PBXResourcesBuildPhase;
			buildActionMask = 2147483647;
			files = (
				76CD092529AA6ACA00EB46CE /* DiaryEdit.storyboard in Resources */,
				76DB58E829A9E92F00E1FC48 /* LaunchScreen.storyboard in Resources */,
				76CD093029AA6F1900EB46CE /* AddImageCollectionViewCell.xib in Resources */,
				76CD091129A9EE5600EB46CE /* GoogleService-Info.plist in Resources */,
				76CD092A29AA6EEC00EB46CE /* ImageCollectionViewCell.xib in Resources */,
				76DB58E529A9E92F00E1FC48 /* Assets.xcassets in Resources */,
				76DB58E329A9E92D00E1FC48 /* Main.storyboard in Resources */,
				76CD091E29AA090100EB46CE /* DiaryDetail.storyboard in Resources */,
			);
			runOnlyForDeploymentPostprocessing = 0;
		};
		76DB58EC29A9E92F00E1FC48 /* Resources */ = {
			isa = PBXResourcesBuildPhase;
			buildActionMask = 2147483647;
			files = (
			);
			runOnlyForDeploymentPostprocessing = 0;
		};
		76DB58F629A9E92F00E1FC48 /* Resources */ = {
			isa = PBXResourcesBuildPhase;
			buildActionMask = 2147483647;
			files = (
			);
			runOnlyForDeploymentPostprocessing = 0;
		};
/* End PBXResourcesBuildPhase section */

/* Begin PBXShellScriptBuildPhase section */
		5D27DDEB8D7500C1A4896D1D /* [CP] Check Pods Manifest.lock */ = {
			isa = PBXShellScriptBuildPhase;
			buildActionMask = 2147483647;
			files = (
			);
			inputFileListPaths = (
			);
			inputPaths = (
				"${PODS_PODFILE_DIR_PATH}/Podfile.lock",
				"${PODS_ROOT}/Manifest.lock",
			);
			name = "[CP] Check Pods Manifest.lock";
			outputFileListPaths = (
			);
			outputPaths = (
				"$(DERIVED_FILE_DIR)/Pods-SimpleDiaryTests-checkManifestLockResult.txt",
			);
			runOnlyForDeploymentPostprocessing = 0;
			shellPath = /bin/sh;
			shellScript = "diff \"${PODS_PODFILE_DIR_PATH}/Podfile.lock\" \"${PODS_ROOT}/Manifest.lock\" > /dev/null\nif [ $? != 0 ] ; then\n    # print error to STDERR\n    echo \"error: The sandbox is not in sync with the Podfile.lock. Run 'pod install' or update your CocoaPods installation.\" >&2\n    exit 1\nfi\n# This output is used by Xcode 'outputs' to avoid re-running this script phase.\necho \"SUCCESS\" > \"${SCRIPT_OUTPUT_FILE_0}\"\n";
			showEnvVarsInLog = 0;
		};
		65DC8B835018A9B483C4A857 /* [CP] Check Pods Manifest.lock */ = {
			isa = PBXShellScriptBuildPhase;
			buildActionMask = 2147483647;
			files = (
			);
			inputFileListPaths = (
			);
			inputPaths = (
				"${PODS_PODFILE_DIR_PATH}/Podfile.lock",
				"${PODS_ROOT}/Manifest.lock",
			);
			name = "[CP] Check Pods Manifest.lock";
			outputFileListPaths = (
			);
			outputPaths = (
				"$(DERIVED_FILE_DIR)/Pods-SimpleDiary-SimpleDiaryUITests-checkManifestLockResult.txt",
			);
			runOnlyForDeploymentPostprocessing = 0;
			shellPath = /bin/sh;
			shellScript = "diff \"${PODS_PODFILE_DIR_PATH}/Podfile.lock\" \"${PODS_ROOT}/Manifest.lock\" > /dev/null\nif [ $? != 0 ] ; then\n    # print error to STDERR\n    echo \"error: The sandbox is not in sync with the Podfile.lock. Run 'pod install' or update your CocoaPods installation.\" >&2\n    exit 1\nfi\n# This output is used by Xcode 'outputs' to avoid re-running this script phase.\necho \"SUCCESS\" > \"${SCRIPT_OUTPUT_FILE_0}\"\n";
			showEnvVarsInLog = 0;
		};
		9841709C72826D5144CA570C /* [CP] Embed Pods Frameworks */ = {
			isa = PBXShellScriptBuildPhase;
			buildActionMask = 2147483647;
			files = (
			);
			inputFileListPaths = (
				"${PODS_ROOT}/Target Support Files/Pods-SimpleDiary-SimpleDiaryUITests/Pods-SimpleDiary-SimpleDiaryUITests-frameworks-${CONFIGURATION}-input-files.xcfilelist",
			);
			name = "[CP] Embed Pods Frameworks";
			outputFileListPaths = (
				"${PODS_ROOT}/Target Support Files/Pods-SimpleDiary-SimpleDiaryUITests/Pods-SimpleDiary-SimpleDiaryUITests-frameworks-${CONFIGURATION}-output-files.xcfilelist",
			);
			runOnlyForDeploymentPostprocessing = 0;
			shellPath = /bin/sh;
			shellScript = "\"${PODS_ROOT}/Target Support Files/Pods-SimpleDiary-SimpleDiaryUITests/Pods-SimpleDiary-SimpleDiaryUITests-frameworks.sh\"\n";
			showEnvVarsInLog = 0;
		};
		DCFE470CB704F47E6204FFC4 /* [CP] Check Pods Manifest.lock */ = {
			isa = PBXShellScriptBuildPhase;
			buildActionMask = 2147483647;
			files = (
			);
			inputFileListPaths = (
			);
			inputPaths = (
				"${PODS_PODFILE_DIR_PATH}/Podfile.lock",
				"${PODS_ROOT}/Manifest.lock",
			);
			name = "[CP] Check Pods Manifest.lock";
			outputFileListPaths = (
			);
			outputPaths = (
				"$(DERIVED_FILE_DIR)/Pods-SimpleDiary-checkManifestLockResult.txt",
			);
			runOnlyForDeploymentPostprocessing = 0;
			shellPath = /bin/sh;
			shellScript = "diff \"${PODS_PODFILE_DIR_PATH}/Podfile.lock\" \"${PODS_ROOT}/Manifest.lock\" > /dev/null\nif [ $? != 0 ] ; then\n    # print error to STDERR\n    echo \"error: The sandbox is not in sync with the Podfile.lock. Run 'pod install' or update your CocoaPods installation.\" >&2\n    exit 1\nfi\n# This output is used by Xcode 'outputs' to avoid re-running this script phase.\necho \"SUCCESS\" > \"${SCRIPT_OUTPUT_FILE_0}\"\n";
			showEnvVarsInLog = 0;
		};
		FB77B5D97BBF2B108244BC4D /* [CP] Embed Pods Frameworks */ = {
			isa = PBXShellScriptBuildPhase;
			buildActionMask = 2147483647;
			files = (
			);
			inputFileListPaths = (
				"${PODS_ROOT}/Target Support Files/Pods-SimpleDiary/Pods-SimpleDiary-frameworks-${CONFIGURATION}-input-files.xcfilelist",
			);
			name = "[CP] Embed Pods Frameworks";
			outputFileListPaths = (
				"${PODS_ROOT}/Target Support Files/Pods-SimpleDiary/Pods-SimpleDiary-frameworks-${CONFIGURATION}-output-files.xcfilelist",
			);
			runOnlyForDeploymentPostprocessing = 0;
			shellPath = /bin/sh;
			shellScript = "\"${PODS_ROOT}/Target Support Files/Pods-SimpleDiary/Pods-SimpleDiary-frameworks.sh\"\n";
			showEnvVarsInLog = 0;
		};
/* End PBXShellScriptBuildPhase section */

/* Begin PBXSourcesBuildPhase section */
		76DB58D429A9E92D00E1FC48 /* Sources */ = {
			isa = PBXSourcesBuildPhase;
			buildActionMask = 2147483647;
			files = (
				76CD092F29AA6F1900EB46CE /* AddImageCollectionViewCell.swift in Sources */,
				76DB58E029A9E92D00E1FC48 /* MainViewController.swift in Sources */,
				76CD091B29AA08C700EB46CE /* DiaryDetailViewController.swift in Sources */,
				76CD092929AA6EEC00EB46CE /* ImageCollectionViewCell.swift in Sources */,
				76CD091529AA061900EB46CE /* FireStore.swift in Sources */,
				76DB58DC29A9E92D00E1FC48 /* AppDelegate.swift in Sources */,
				76DB58DE29A9E92D00E1FC48 /* SceneDelegate.swift in Sources */,
				76CD091929AA069B00EB46CE /* DiaryDataModel.swift in Sources */,
				76CD092329AA6ABD00EB46CE /* DiaryEditViewController.swift in Sources */,
			);
			runOnlyForDeploymentPostprocessing = 0;
		};
		76DB58EA29A9E92F00E1FC48 /* Sources */ = {
			isa = PBXSourcesBuildPhase;
			buildActionMask = 2147483647;
			files = (
				76DB58F329A9E92F00E1FC48 /* SimpleDiaryTests.swift in Sources */,
			);
			runOnlyForDeploymentPostprocessing = 0;
		};
		76DB58F429A9E92F00E1FC48 /* Sources */ = {
			isa = PBXSourcesBuildPhase;
			buildActionMask = 2147483647;
			files = (
				76DB58FF29A9E92F00E1FC48 /* SimpleDiaryUITestsLaunchTests.swift in Sources */,
				76DB58FD29A9E92F00E1FC48 /* SimpleDiaryUITests.swift in Sources */,
			);
			runOnlyForDeploymentPostprocessing = 0;
		};
/* End PBXSourcesBuildPhase section */

/* Begin PBXTargetDependency section */
		76DB58F029A9E92F00E1FC48 /* PBXTargetDependency */ = {
			isa = PBXTargetDependency;
			target = 76DB58D729A9E92D00E1FC48 /* SimpleDiary */;
			targetProxy = 76DB58EF29A9E92F00E1FC48 /* PBXContainerItemProxy */;
		};
		76DB58FA29A9E92F00E1FC48 /* PBXTargetDependency */ = {
			isa = PBXTargetDependency;
			target = 76DB58D729A9E92D00E1FC48 /* SimpleDiary */;
			targetProxy = 76DB58F929A9E92F00E1FC48 /* PBXContainerItemProxy */;
		};
/* End PBXTargetDependency section */

/* Begin PBXVariantGroup section */
		76DB58E129A9E92D00E1FC48 /* Main.storyboard */ = {
			isa = PBXVariantGroup;
			children = (
				76DB58E229A9E92D00E1FC48 /* Base */,
			);
			name = Main.storyboard;
			sourceTree = "<group>";
		};
		76DB58E629A9E92F00E1FC48 /* LaunchScreen.storyboard */ = {
			isa = PBXVariantGroup;
			children = (
				76DB58E729A9E92F00E1FC48 /* Base */,
			);
			name = LaunchScreen.storyboard;
			sourceTree = "<group>";
		};
/* End PBXVariantGroup section */

/* Begin XCBuildConfiguration section */
		76DB590029A9E92F00E1FC48 /* Debug */ = {
			isa = XCBuildConfiguration;
			buildSettings = {
				ALWAYS_SEARCH_USER_PATHS = NO;
				CLANG_ANALYZER_NONNULL = YES;
				CLANG_ANALYZER_NUMBER_OBJECT_CONVERSION = YES_AGGRESSIVE;
				CLANG_CXX_LANGUAGE_STANDARD = "gnu++20";
				CLANG_ENABLE_MODULES = YES;
				CLANG_ENABLE_OBJC_ARC = YES;
				CLANG_ENABLE_OBJC_WEAK = YES;
				CLANG_WARN_BLOCK_CAPTURE_AUTORELEASING = YES;
				CLANG_WARN_BOOL_CONVERSION = YES;
				CLANG_WARN_COMMA = YES;
				CLANG_WARN_CONSTANT_CONVERSION = YES;
				CLANG_WARN_DEPRECATED_OBJC_IMPLEMENTATIONS = YES;
				CLANG_WARN_DIRECT_OBJC_ISA_USAGE = YES_ERROR;
				CLANG_WARN_DOCUMENTATION_COMMENTS = YES;
				CLANG_WARN_EMPTY_BODY = YES;
				CLANG_WARN_ENUM_CONVERSION = YES;
				CLANG_WARN_INFINITE_RECURSION = YES;
				CLANG_WARN_INT_CONVERSION = YES;
				CLANG_WARN_NON_LITERAL_NULL_CONVERSION = YES;
				CLANG_WARN_OBJC_IMPLICIT_RETAIN_SELF = YES;
				CLANG_WARN_OBJC_LITERAL_CONVERSION = YES;
				CLANG_WARN_OBJC_ROOT_CLASS = YES_ERROR;
				CLANG_WARN_QUOTED_INCLUDE_IN_FRAMEWORK_HEADER = YES;
				CLANG_WARN_RANGE_LOOP_ANALYSIS = YES;
				CLANG_WARN_STRICT_PROTOTYPES = YES;
				CLANG_WARN_SUSPICIOUS_MOVE = YES;
				CLANG_WARN_UNGUARDED_AVAILABILITY = YES_AGGRESSIVE;
				CLANG_WARN_UNREACHABLE_CODE = YES;
				CLANG_WARN__DUPLICATE_METHOD_MATCH = YES;
				COPY_PHASE_STRIP = NO;
				DEBUG_INFORMATION_FORMAT = dwarf;
				ENABLE_STRICT_OBJC_MSGSEND = YES;
				ENABLE_TESTABILITY = YES;
				GCC_C_LANGUAGE_STANDARD = gnu11;
				GCC_DYNAMIC_NO_PIC = NO;
				GCC_NO_COMMON_BLOCKS = YES;
				GCC_OPTIMIZATION_LEVEL = 0;
				GCC_PREPROCESSOR_DEFINITIONS = (
					"DEBUG=1",
					"$(inherited)",
				);
				GCC_WARN_64_TO_32_BIT_CONVERSION = YES;
				GCC_WARN_ABOUT_RETURN_TYPE = YES_ERROR;
				GCC_WARN_UNDECLARED_SELECTOR = YES;
				GCC_WARN_UNINITIALIZED_AUTOS = YES_AGGRESSIVE;
				GCC_WARN_UNUSED_FUNCTION = YES;
				GCC_WARN_UNUSED_VARIABLE = YES;
				IPHONEOS_DEPLOYMENT_TARGET = 16.2;
				MTL_ENABLE_DEBUG_INFO = INCLUDE_SOURCE;
				MTL_FAST_MATH = YES;
				ONLY_ACTIVE_ARCH = YES;
				SDKROOT = iphoneos;
				SWIFT_ACTIVE_COMPILATION_CONDITIONS = DEBUG;
				SWIFT_OPTIMIZATION_LEVEL = "-Onone";
			};
			name = Debug;
		};
		76DB590129A9E92F00E1FC48 /* Release */ = {
			isa = XCBuildConfiguration;
			buildSettings = {
				ALWAYS_SEARCH_USER_PATHS = NO;
				CLANG_ANALYZER_NONNULL = YES;
				CLANG_ANALYZER_NUMBER_OBJECT_CONVERSION = YES_AGGRESSIVE;
				CLANG_CXX_LANGUAGE_STANDARD = "gnu++20";
				CLANG_ENABLE_MODULES = YES;
				CLANG_ENABLE_OBJC_ARC = YES;
				CLANG_ENABLE_OBJC_WEAK = YES;
				CLANG_WARN_BLOCK_CAPTURE_AUTORELEASING = YES;
				CLANG_WARN_BOOL_CONVERSION = YES;
				CLANG_WARN_COMMA = YES;
				CLANG_WARN_CONSTANT_CONVERSION = YES;
				CLANG_WARN_DEPRECATED_OBJC_IMPLEMENTATIONS = YES;
				CLANG_WARN_DIRECT_OBJC_ISA_USAGE = YES_ERROR;
				CLANG_WARN_DOCUMENTATION_COMMENTS = YES;
				CLANG_WARN_EMPTY_BODY = YES;
				CLANG_WARN_ENUM_CONVERSION = YES;
				CLANG_WARN_INFINITE_RECURSION = YES;
				CLANG_WARN_INT_CONVERSION = YES;
				CLANG_WARN_NON_LITERAL_NULL_CONVERSION = YES;
				CLANG_WARN_OBJC_IMPLICIT_RETAIN_SELF = YES;
				CLANG_WARN_OBJC_LITERAL_CONVERSION = YES;
				CLANG_WARN_OBJC_ROOT_CLASS = YES_ERROR;
				CLANG_WARN_QUOTED_INCLUDE_IN_FRAMEWORK_HEADER = YES;
				CLANG_WARN_RANGE_LOOP_ANALYSIS = YES;
				CLANG_WARN_STRICT_PROTOTYPES = YES;
				CLANG_WARN_SUSPICIOUS_MOVE = YES;
				CLANG_WARN_UNGUARDED_AVAILABILITY = YES_AGGRESSIVE;
				CLANG_WARN_UNREACHABLE_CODE = YES;
				CLANG_WARN__DUPLICATE_METHOD_MATCH = YES;
				COPY_PHASE_STRIP = NO;
				DEBUG_INFORMATION_FORMAT = "dwarf-with-dsym";
				ENABLE_NS_ASSERTIONS = NO;
				ENABLE_STRICT_OBJC_MSGSEND = YES;
				GCC_C_LANGUAGE_STANDARD = gnu11;
				GCC_NO_COMMON_BLOCKS = YES;
				GCC_WARN_64_TO_32_BIT_CONVERSION = YES;
				GCC_WARN_ABOUT_RETURN_TYPE = YES_ERROR;
				GCC_WARN_UNDECLARED_SELECTOR = YES;
				GCC_WARN_UNINITIALIZED_AUTOS = YES_AGGRESSIVE;
				GCC_WARN_UNUSED_FUNCTION = YES;
				GCC_WARN_UNUSED_VARIABLE = YES;
				IPHONEOS_DEPLOYMENT_TARGET = 16.2;
				MTL_ENABLE_DEBUG_INFO = NO;
				MTL_FAST_MATH = YES;
				SDKROOT = iphoneos;
				SWIFT_COMPILATION_MODE = wholemodule;
				SWIFT_OPTIMIZATION_LEVEL = "-O";
				VALIDATE_PRODUCT = YES;
			};
			name = Release;
		};
		76DB590329A9E92F00E1FC48 /* Debug */ = {
			isa = XCBuildConfiguration;
			baseConfigurationReference = 090A8EE0E7134C5D1D172337 /* Pods-SimpleDiary.debug.xcconfig */;
			buildSettings = {
				ASSETCATALOG_COMPILER_APPICON_NAME = AppIcon;
				ASSETCATALOG_COMPILER_GLOBAL_ACCENT_COLOR_NAME = AccentColor;
				CODE_SIGN_STYLE = Automatic;
				CURRENT_PROJECT_VERSION = 1;
				DEVELOPMENT_TEAM = JAY9NYCP98;
				GENERATE_INFOPLIST_FILE = YES;
				INFOPLIST_FILE = SimpleDiary/Info.plist;
				INFOPLIST_KEY_LSApplicationCategoryType = "public.app-category.lifestyle";
				INFOPLIST_KEY_UIApplicationSupportsIndirectInputEvents = YES;
				INFOPLIST_KEY_UILaunchStoryboardName = LaunchScreen;
				INFOPLIST_KEY_UIMainStoryboardFile = Main;
				INFOPLIST_KEY_UISupportedInterfaceOrientations_iPad = "UIInterfaceOrientationPortrait UIInterfaceOrientationPortraitUpsideDown UIInterfaceOrientationLandscapeLeft UIInterfaceOrientationLandscapeRight";
				INFOPLIST_KEY_UISupportedInterfaceOrientations_iPhone = "UIInterfaceOrientationPortrait UIInterfaceOrientationLandscapeLeft UIInterfaceOrientationLandscapeRight";
				IPHONEOS_DEPLOYMENT_TARGET = 14.0;
				LD_RUNPATH_SEARCH_PATHS = (
					"$(inherited)",
					"@executable_path/Frameworks",
				);
				MARKETING_VERSION = 1.0;
				PRODUCT_BUNDLE_IDENTIFIER = com.YutakaInoue.SimpleDiary;
				PRODUCT_NAME = "$(TARGET_NAME)";
				SWIFT_EMIT_LOC_STRINGS = YES;
				SWIFT_VERSION = 5.0;
				TARGETED_DEVICE_FAMILY = "1,2";
			};
			name = Debug;
		};
		76DB590429A9E92F00E1FC48 /* Release */ = {
			isa = XCBuildConfiguration;
			baseConfigurationReference = 0EA574DE005A3E1744329AF0 /* Pods-SimpleDiary.release.xcconfig */;
			buildSettings = {
				ASSETCATALOG_COMPILER_APPICON_NAME = AppIcon;
				ASSETCATALOG_COMPILER_GLOBAL_ACCENT_COLOR_NAME = AccentColor;
				CODE_SIGN_STYLE = Automatic;
				CURRENT_PROJECT_VERSION = 1;
				DEVELOPMENT_TEAM = JAY9NYCP98;
				GENERATE_INFOPLIST_FILE = YES;
				INFOPLIST_FILE = SimpleDiary/Info.plist;
				INFOPLIST_KEY_LSApplicationCategoryType = "public.app-category.lifestyle";
				INFOPLIST_KEY_UIApplicationSupportsIndirectInputEvents = YES;
				INFOPLIST_KEY_UILaunchStoryboardName = LaunchScreen;
				INFOPLIST_KEY_UIMainStoryboardFile = Main;
				INFOPLIST_KEY_UISupportedInterfaceOrientations_iPad = "UIInterfaceOrientationPortrait UIInterfaceOrientationPortraitUpsideDown UIInterfaceOrientationLandscapeLeft UIInterfaceOrientationLandscapeRight";
				INFOPLIST_KEY_UISupportedInterfaceOrientations_iPhone = "UIInterfaceOrientationPortrait UIInterfaceOrientationLandscapeLeft UIInterfaceOrientationLandscapeRight";
				IPHONEOS_DEPLOYMENT_TARGET = 14.0;
				LD_RUNPATH_SEARCH_PATHS = (
					"$(inherited)",
					"@executable_path/Frameworks",
				);
				MARKETING_VERSION = 1.0;
				PRODUCT_BUNDLE_IDENTIFIER = com.YutakaInoue.SimpleDiary;
				PRODUCT_NAME = "$(TARGET_NAME)";
				SWIFT_EMIT_LOC_STRINGS = YES;
				SWIFT_VERSION = 5.0;
				TARGETED_DEVICE_FAMILY = "1,2";
			};
			name = Release;
		};
		76DB590629A9E92F00E1FC48 /* Debug */ = {
			isa = XCBuildConfiguration;
			baseConfigurationReference = E6A3B31177FBDEE2E81D21AC /* Pods-SimpleDiaryTests.debug.xcconfig */;
			buildSettings = {
				ALWAYS_EMBED_SWIFT_STANDARD_LIBRARIES = YES;
				BUNDLE_LOADER = "$(TEST_HOST)";
				CODE_SIGN_STYLE = Automatic;
				CURRENT_PROJECT_VERSION = 1;
				DEVELOPMENT_TEAM = JAY9NYCP98;
				GENERATE_INFOPLIST_FILE = YES;
				IPHONEOS_DEPLOYMENT_TARGET = 16.2;
				MARKETING_VERSION = 1.0;
				PRODUCT_BUNDLE_IDENTIFIER = com.YutakaInoue.SimpleDiaryTests;
				PRODUCT_NAME = "$(TARGET_NAME)";
				SWIFT_EMIT_LOC_STRINGS = NO;
				SWIFT_VERSION = 5.0;
				TARGETED_DEVICE_FAMILY = "1,2";
				TEST_HOST = "$(BUILT_PRODUCTS_DIR)/SimpleDiary.app/$(BUNDLE_EXECUTABLE_FOLDER_PATH)/SimpleDiary";
			};
			name = Debug;
		};
		76DB590729A9E92F00E1FC48 /* Release */ = {
			isa = XCBuildConfiguration;
			baseConfigurationReference = 8DE01FA357AAFE9A3A5F0418 /* Pods-SimpleDiaryTests.release.xcconfig */;
			buildSettings = {
				ALWAYS_EMBED_SWIFT_STANDARD_LIBRARIES = YES;
				BUNDLE_LOADER = "$(TEST_HOST)";
				CODE_SIGN_STYLE = Automatic;
				CURRENT_PROJECT_VERSION = 1;
				DEVELOPMENT_TEAM = JAY9NYCP98;
				GENERATE_INFOPLIST_FILE = YES;
				IPHONEOS_DEPLOYMENT_TARGET = 16.2;
				MARKETING_VERSION = 1.0;
				PRODUCT_BUNDLE_IDENTIFIER = com.YutakaInoue.SimpleDiaryTests;
				PRODUCT_NAME = "$(TARGET_NAME)";
				SWIFT_EMIT_LOC_STRINGS = NO;
				SWIFT_VERSION = 5.0;
				TARGETED_DEVICE_FAMILY = "1,2";
				TEST_HOST = "$(BUILT_PRODUCTS_DIR)/SimpleDiary.app/$(BUNDLE_EXECUTABLE_FOLDER_PATH)/SimpleDiary";
			};
			name = Release;
		};
		76DB590929A9E92F00E1FC48 /* Debug */ = {
			isa = XCBuildConfiguration;
			baseConfigurationReference = FA288B78983928AFD948DC56 /* Pods-SimpleDiary-SimpleDiaryUITests.debug.xcconfig */;
			buildSettings = {
				ALWAYS_EMBED_SWIFT_STANDARD_LIBRARIES = YES;
				CODE_SIGN_STYLE = Automatic;
				CURRENT_PROJECT_VERSION = 1;
				DEVELOPMENT_TEAM = JAY9NYCP98;
				GENERATE_INFOPLIST_FILE = YES;
				MARKETING_VERSION = 1.0;
				PRODUCT_BUNDLE_IDENTIFIER = com.YutakaInoue.SimpleDiaryUITests;
				PRODUCT_NAME = "$(TARGET_NAME)";
				SWIFT_EMIT_LOC_STRINGS = NO;
				SWIFT_VERSION = 5.0;
				TARGETED_DEVICE_FAMILY = "1,2";
				TEST_TARGET_NAME = SimpleDiary;
			};
			name = Debug;
		};
		76DB590A29A9E92F00E1FC48 /* Release */ = {
			isa = XCBuildConfiguration;
			baseConfigurationReference = 56D11D5C7607E71885772190 /* Pods-SimpleDiary-SimpleDiaryUITests.release.xcconfig */;
			buildSettings = {
				ALWAYS_EMBED_SWIFT_STANDARD_LIBRARIES = YES;
				CODE_SIGN_STYLE = Automatic;
				CURRENT_PROJECT_VERSION = 1;
				DEVELOPMENT_TEAM = JAY9NYCP98;
				GENERATE_INFOPLIST_FILE = YES;
				MARKETING_VERSION = 1.0;
				PRODUCT_BUNDLE_IDENTIFIER = com.YutakaInoue.SimpleDiaryUITests;
				PRODUCT_NAME = "$(TARGET_NAME)";
				SWIFT_EMIT_LOC_STRINGS = NO;
				SWIFT_VERSION = 5.0;
				TARGETED_DEVICE_FAMILY = "1,2";
				TEST_TARGET_NAME = SimpleDiary;
			};
			name = Release;
		};
/* End XCBuildConfiguration section */

/* Begin XCConfigurationList section */
		76DB58D329A9E92D00E1FC48 /* Build configuration list for PBXProject "SimpleDiary" */ = {
			isa = XCConfigurationList;
			buildConfigurations = (
				76DB590029A9E92F00E1FC48 /* Debug */,
				76DB590129A9E92F00E1FC48 /* Release */,
			);
			defaultConfigurationIsVisible = 0;
			defaultConfigurationName = Release;
		};
		76DB590229A9E92F00E1FC48 /* Build configuration list for PBXNativeTarget "SimpleDiary" */ = {
			isa = XCConfigurationList;
			buildConfigurations = (
				76DB590329A9E92F00E1FC48 /* Debug */,
				76DB590429A9E92F00E1FC48 /* Release */,
			);
			defaultConfigurationIsVisible = 0;
			defaultConfigurationName = Release;
		};
		76DB590529A9E92F00E1FC48 /* Build configuration list for PBXNativeTarget "SimpleDiaryTests" */ = {
			isa = XCConfigurationList;
			buildConfigurations = (
				76DB590629A9E92F00E1FC48 /* Debug */,
				76DB590729A9E92F00E1FC48 /* Release */,
			);
			defaultConfigurationIsVisible = 0;
			defaultConfigurationName = Release;
		};
		76DB590829A9E92F00E1FC48 /* Build configuration list for PBXNativeTarget "SimpleDiaryUITests" */ = {
			isa = XCConfigurationList;
			buildConfigurations = (
				76DB590929A9E92F00E1FC48 /* Debug */,
				76DB590A29A9E92F00E1FC48 /* Release */,
			);
			defaultConfigurationIsVisible = 0;
			defaultConfigurationName = Release;
		};
/* End XCConfigurationList section */
	};
	rootObject = 76DB58D029A9E92D00E1FC48 /* Project object */;
}
